// !$*UTF8*$!
{
	archiveVersion = 1;
	classes = {
	};
	objectVersion = 56;
	objects = {

/* Begin PBXBuildFile section */
		93B0E9E129B683D000305CD7 /* AppDelegate.swift in Sources */ = {isa = PBXBuildFile; fileRef = 93B0E9E029B683D000305CD7 /* AppDelegate.swift */; };
		93B0E9E329B683D000305CD7 /* SceneDelegate.swift in Sources */ = {isa = PBXBuildFile; fileRef = 93B0E9E229B683D000305CD7 /* SceneDelegate.swift */; };
		93B0E9E529B683D000305CD7 /* MainViewController.swift in Sources */ = {isa = PBXBuildFile; fileRef = 93B0E9E429B683D000305CD7 /* MainViewController.swift */; };
		93B0E9EA29B683D100305CD7 /* Assets.xcassets in Resources */ = {isa = PBXBuildFile; fileRef = 93B0E9E929B683D100305CD7 /* Assets.xcassets */; };
		93B0E9ED29B683D100305CD7 /* LaunchScreen.storyboard in Resources */ = {isa = PBXBuildFile; fileRef = 93B0E9EB29B683D100305CD7 /* LaunchScreen.storyboard */; };
		93B0E9F729B6902000305CD7 /* UIColor + extensions.swift in Sources */ = {isa = PBXBuildFile; fileRef = 93B0E9F629B6902000305CD7 /* UIColor + extensions.swift */; };
		93B0E9F929B6903300305CD7 /* UILabel + extensions.swift in Sources */ = {isa = PBXBuildFile; fileRef = 93B0E9F829B6903300305CD7 /* UILabel + extensions.swift */; };
		93B0E9FB29B6905500305CD7 /* UIFont + extensions.swift in Sources */ = {isa = PBXBuildFile; fileRef = 93B0E9FA29B6905500305CD7 /* UIFont + extensions.swift */; };
		93B0E9FD29B6907000305CD7 /* UIView + extensions.swift in Sources */ = {isa = PBXBuildFile; fileRef = 93B0E9FC29B6907000305CD7 /* UIView + extensions.swift */; };
		93B0E9FF29B6909100305CD7 /* UIStackView + extensions.swift in Sources */ = {isa = PBXBuildFile; fileRef = 93B0E9FE29B6909100305CD7 /* UIStackView + extensions.swift */; };
		93B0EA0229B690C100305CD7 /* GreenButton.swift in Sources */ = {isa = PBXBuildFile; fileRef = 93B0EA0129B690C100305CD7 /* GreenButton.swift */; };
		93B0EA0429B690D100305CD7 /* CloseButton.swift in Sources */ = {isa = PBXBuildFile; fileRef = 93B0EA0329B690D100305CD7 /* CloseButton.swift */; };
		93B0EA0629B690EA00305CD7 /* BrownTextField.swift in Sources */ = {isa = PBXBuildFile; fileRef = 93B0EA0529B690EA00305CD7 /* BrownTextField.swift */; };
		93B0EA0829B690FC00305CD7 /* GreenSlider.swift in Sources */ = {isa = PBXBuildFile; fileRef = 93B0EA0729B690FC00305CD7 /* GreenSlider.swift */; };
		93B0EA1229B6920000305CD7 /* Roboto-Medium.ttf in Resources */ = {isa = PBXBuildFile; fileRef = 93B0EA1029B6920000305CD7 /* Roboto-Medium.ttf */; };
		93B0EA1329B6920000305CD7 /* Roboto-Bold.ttf in Resources */ = {isa = PBXBuildFile; fileRef = 93B0EA1129B6920000305CD7 /* Roboto-Bold.ttf */; };
/* End PBXBuildFile section */

/* Begin PBXFileReference section */
		93B0E9DD29B683D000305CD7 /* FitnessApp.app */ = {isa = PBXFileReference; explicitFileType = wrapper.application; includeInIndex = 0; path = FitnessApp.app; sourceTree = BUILT_PRODUCTS_DIR; };
		93B0E9E029B683D000305CD7 /* AppDelegate.swift */ = {isa = PBXFileReference; lastKnownFileType = sourcecode.swift; path = AppDelegate.swift; sourceTree = "<group>"; };
		93B0E9E229B683D000305CD7 /* SceneDelegate.swift */ = {isa = PBXFileReference; lastKnownFileType = sourcecode.swift; path = SceneDelegate.swift; sourceTree = "<group>"; };
		93B0E9E429B683D000305CD7 /* MainViewController.swift */ = {isa = PBXFileReference; lastKnownFileType = sourcecode.swift; path = MainViewController.swift; sourceTree = "<group>"; };
		93B0E9E929B683D100305CD7 /* Assets.xcassets */ = {isa = PBXFileReference; lastKnownFileType = folder.assetcatalog; path = Assets.xcassets; sourceTree = "<group>"; };
		93B0E9EC29B683D100305CD7 /* Base */ = {isa = PBXFileReference; lastKnownFileType = file.storyboard; name = Base; path = Base.lproj/LaunchScreen.storyboard; sourceTree = "<group>"; };
		93B0E9EE29B683D100305CD7 /* Info.plist */ = {isa = PBXFileReference; lastKnownFileType = text.plist.xml; path = Info.plist; sourceTree = "<group>"; };
		93B0E9F629B6902000305CD7 /* UIColor + extensions.swift */ = {isa = PBXFileReference; lastKnownFileType = sourcecode.swift; path = "UIColor + extensions.swift"; sourceTree = "<group>"; };
		93B0E9F829B6903300305CD7 /* UILabel + extensions.swift */ = {isa = PBXFileReference; lastKnownFileType = sourcecode.swift; path = "UILabel + extensions.swift"; sourceTree = "<group>"; };
		93B0E9FA29B6905500305CD7 /* UIFont + extensions.swift */ = {isa = PBXFileReference; lastKnownFileType = sourcecode.swift; path = "UIFont + extensions.swift"; sourceTree = "<group>"; };
		93B0E9FC29B6907000305CD7 /* UIView + extensions.swift */ = {isa = PBXFileReference; lastKnownFileType = sourcecode.swift; path = "UIView + extensions.swift"; sourceTree = "<group>"; };
		93B0E9FE29B6909100305CD7 /* UIStackView + extensions.swift */ = {isa = PBXFileReference; lastKnownFileType = sourcecode.swift; path = "UIStackView + extensions.swift"; sourceTree = "<group>"; };
		93B0EA0129B690C100305CD7 /* GreenButton.swift */ = {isa = PBXFileReference; lastKnownFileType = sourcecode.swift; path = GreenButton.swift; sourceTree = "<group>"; };
		93B0EA0329B690D100305CD7 /* CloseButton.swift */ = {isa = PBXFileReference; lastKnownFileType = sourcecode.swift; path = CloseButton.swift; sourceTree = "<group>"; };
		93B0EA0529B690EA00305CD7 /* BrownTextField.swift */ = {isa = PBXFileReference; lastKnownFileType = sourcecode.swift; path = BrownTextField.swift; sourceTree = "<group>"; };
		93B0EA0729B690FC00305CD7 /* GreenSlider.swift */ = {isa = PBXFileReference; lastKnownFileType = sourcecode.swift; path = GreenSlider.swift; sourceTree = "<group>"; };
		93B0EA1029B6920000305CD7 /* Roboto-Medium.ttf */ = {isa = PBXFileReference; lastKnownFileType = file; path = "Roboto-Medium.ttf"; sourceTree = "<group>"; };
		93B0EA1129B6920000305CD7 /* Roboto-Bold.ttf */ = {isa = PBXFileReference; lastKnownFileType = file; path = "Roboto-Bold.ttf"; sourceTree = "<group>"; };
/* End PBXFileReference section */

/* Begin PBXFrameworksBuildPhase section */
		93B0E9DA29B683D000305CD7 /* Frameworks */ = {
			isa = PBXFrameworksBuildPhase;
			buildActionMask = 2147483647;
			files = (
			);
			runOnlyForDeploymentPostprocessing = 0;
		};
/* End PBXFrameworksBuildPhase section */

/* Begin PBXGroup section */
		93B0E9D429B683D000305CD7 = {
			isa = PBXGroup;
			children = (
				93B0E9DF29B683D000305CD7 /* FitnessApp */,
				93B0E9DE29B683D000305CD7 /* Products */,
			);
			sourceTree = "<group>";
		};
		93B0E9DE29B683D000305CD7 /* Products */ = {
			isa = PBXGroup;
			children = (
				93B0E9DD29B683D000305CD7 /* FitnessApp.app */,
			);
			name = Products;
			sourceTree = "<group>";
		};
		93B0E9DF29B683D000305CD7 /* FitnessApp */ = {
			isa = PBXGroup;
			children = (
				93B0EA0E29B6917500305CD7 /* SupportingFiles */,
				93B0EA0D29B6916100305CD7 /* Applications */,
				93B0EA0929B6910D00305CD7 /* MainModule */,
				93B0E9F429B68FAC00305CD7 /* Extensions */,
			);
			path = FitnessApp;
			sourceTree = "<group>";
		};
		93B0E9F429B68FAC00305CD7 /* Extensions */ = {
			isa = PBXGroup;
			children = (
				93B0EA0029B690A000305CD7 /* Unique */,
				93B0E9F529B68FB400305CD7 /* UIkit */,
			);
			path = Extensions;
			sourceTree = "<group>";
		};
		93B0E9F529B68FB400305CD7 /* UIkit */ = {
			isa = PBXGroup;
			children = (
				93B0E9F629B6902000305CD7 /* UIColor + extensions.swift */,
				93B0E9F829B6903300305CD7 /* UILabel + extensions.swift */,
				93B0E9FA29B6905500305CD7 /* UIFont + extensions.swift */,
				93B0E9FC29B6907000305CD7 /* UIView + extensions.swift */,
				93B0E9FE29B6909100305CD7 /* UIStackView + extensions.swift */,
			);
			path = UIkit;
			sourceTree = "<group>";
		};
		93B0EA0029B690A000305CD7 /* Unique */ = {
			isa = PBXGroup;
			children = (
				93B0EA0129B690C100305CD7 /* GreenButton.swift */,
				93B0EA0329B690D100305CD7 /* CloseButton.swift */,
				93B0EA0529B690EA00305CD7 /* BrownTextField.swift */,
				93B0EA0729B690FC00305CD7 /* GreenSlider.swift */,
			);
			path = Unique;
			sourceTree = "<group>";
		};
		93B0EA0929B6910D00305CD7 /* MainModule */ = {
			isa = PBXGroup;
			children = (
				93B0EA0B29B6912500305CD7 /* Views */,
				93B0EA0A29B6911800305CD7 /* Controllers */,
			);
			path = MainModule;
			sourceTree = "<group>";
		};
		93B0EA0A29B6911800305CD7 /* Controllers */ = {
			isa = PBXGroup;
			children = (
				93B0E9E429B683D000305CD7 /* MainViewController.swift */,
			);
			path = Controllers;
			sourceTree = "<group>";
		};
		93B0EA0B29B6912500305CD7 /* Views */ = {
			isa = PBXGroup;
			children = (
				93B0EA0C29B6912F00305CD7 /* Cells */,
			);
			path = Views;
			sourceTree = "<group>";
		};
		93B0EA0C29B6912F00305CD7 /* Cells */ = {
			isa = PBXGroup;
			children = (
			);
			path = Cells;
			sourceTree = "<group>";
		};
		93B0EA0D29B6916100305CD7 /* Applications */ = {
			isa = PBXGroup;
			children = (
				93B0E9E029B683D000305CD7 /* AppDelegate.swift */,
				93B0E9E229B683D000305CD7 /* SceneDelegate.swift */,
			);
			path = Applications;
			sourceTree = "<group>";
		};
		93B0EA0E29B6917500305CD7 /* SupportingFiles */ = {
			isa = PBXGroup;
			children = (
				93B0EA0F29B691CF00305CD7 /* Fonts */,
				93B0E9E929B683D100305CD7 /* Assets.xcassets */,
				93B0E9EB29B683D100305CD7 /* LaunchScreen.storyboard */,
				93B0E9EE29B683D100305CD7 /* Info.plist */,
			);
			path = SupportingFiles;
			sourceTree = "<group>";
		};
		93B0EA0F29B691CF00305CD7 /* Fonts */ = {
			isa = PBXGroup;
			children = (
				93B0EA1129B6920000305CD7 /* Roboto-Bold.ttf */,
				93B0EA1029B6920000305CD7 /* Roboto-Medium.ttf */,
			);
			path = Fonts;
			sourceTree = "<group>";
		};
/* End PBXGroup section */

/* Begin PBXNativeTarget section */
		93B0E9DC29B683D000305CD7 /* FitnessApp */ = {
			isa = PBXNativeTarget;
			buildConfigurationList = 93B0E9F129B683D100305CD7 /* Build configuration list for PBXNativeTarget "FitnessApp" */;
			buildPhases = (
				93B0E9D929B683D000305CD7 /* Sources */,
				93B0E9DA29B683D000305CD7 /* Frameworks */,
				93B0E9DB29B683D000305CD7 /* Resources */,
			);
			buildRules = (
			);
			dependencies = (
			);
			name = FitnessApp;
			productName = FitnessApp;
			productReference = 93B0E9DD29B683D000305CD7 /* FitnessApp.app */;
			productType = "com.apple.product-type.application";
		};
/* End PBXNativeTarget section */

/* Begin PBXProject section */
		93B0E9D529B683D000305CD7 /* Project object */ = {
			isa = PBXProject;
			attributes = {
				BuildIndependentTargetsInParallel = 1;
				LastSwiftUpdateCheck = 1420;
				LastUpgradeCheck = 1420;
				TargetAttributes = {
					93B0E9DC29B683D000305CD7 = {
						CreatedOnToolsVersion = 14.2;
					};
				};
			};
			buildConfigurationList = 93B0E9D829B683D000305CD7 /* Build configuration list for PBXProject "FitnessApp" */;
			compatibilityVersion = "Xcode 14.0";
			developmentRegion = en;
			hasScannedForEncodings = 0;
			knownRegions = (
				en,
				Base,
			);
			mainGroup = 93B0E9D429B683D000305CD7;
			productRefGroup = 93B0E9DE29B683D000305CD7 /* Products */;
			projectDirPath = "";
			projectRoot = "";
			targets = (
				93B0E9DC29B683D000305CD7 /* FitnessApp */,
			);
		};
/* End PBXProject section */

/* Begin PBXResourcesBuildPhase section */
		93B0E9DB29B683D000305CD7 /* Resources */ = {
			isa = PBXResourcesBuildPhase;
			buildActionMask = 2147483647;
			files = (
				93B0E9ED29B683D100305CD7 /* LaunchScreen.storyboard in Resources */,
				93B0E9EA29B683D100305CD7 /* Assets.xcassets in Resources */,
				93B0EA1329B6920000305CD7 /* Roboto-Bold.ttf in Resources */,
				93B0EA1229B6920000305CD7 /* Roboto-Medium.ttf in Resources */,
			);
			runOnlyForDeploymentPostprocessing = 0;
		};
/* End PBXResourcesBuildPhase section */

/* Begin PBXSourcesBuildPhase section */
		93B0E9D929B683D000305CD7 /* Sources */ = {
			isa = PBXSourcesBuildPhase;
			buildActionMask = 2147483647;
			files = (
				93B0EA0429B690D100305CD7 /* CloseButton.swift in Sources */,
				93B0E9E529B683D000305CD7 /* MainViewController.swift in Sources */,
				93B0E9F729B6902000305CD7 /* UIColor + extensions.swift in Sources */,
				93B0E9FB29B6905500305CD7 /* UIFont + extensions.swift in Sources */,
				93B0E9FF29B6909100305CD7 /* UIStackView + extensions.swift in Sources */,
				93B0EA0629B690EA00305CD7 /* BrownTextField.swift in Sources */,
				93B0E9E129B683D000305CD7 /* AppDelegate.swift in Sources */,
				93B0E9E329B683D000305CD7 /* SceneDelegate.swift in Sources */,
				93B0EA0829B690FC00305CD7 /* GreenSlider.swift in Sources */,
				93B0E9F929B6903300305CD7 /* UILabel + extensions.swift in Sources */,
				93B0EA0229B690C100305CD7 /* GreenButton.swift in Sources */,
				93B0E9FD29B6907000305CD7 /* UIView + extensions.swift in Sources */,
			);
			runOnlyForDeploymentPostprocessing = 0;
		};
/* End PBXSourcesBuildPhase section */

/* Begin PBXVariantGroup section */
		93B0E9EB29B683D100305CD7 /* LaunchScreen.storyboard */ = {
			isa = PBXVariantGroup;
			children = (
				93B0E9EC29B683D100305CD7 /* Base */,
			);
			name = LaunchScreen.storyboard;
			sourceTree = "<group>";
		};
/* End PBXVariantGroup section */

/* Begin XCBuildConfiguration section */
		93B0E9EF29B683D100305CD7 /* Debug */ = {
			isa = XCBuildConfiguration;
			buildSettings = {
				ALWAYS_SEARCH_USER_PATHS = NO;
				CLANG_ANALYZER_NONNULL = YES;
				CLANG_ANALYZER_NUMBER_OBJECT_CONVERSION = YES_AGGRESSIVE;
				CLANG_CXX_LANGUAGE_STANDARD = "gnu++20";
				CLANG_ENABLE_MODULES = YES;
				CLANG_ENABLE_OBJC_ARC = YES;
				CLANG_ENABLE_OBJC_WEAK = YES;
				CLANG_WARN_BLOCK_CAPTURE_AUTORELEASING = YES;
				CLANG_WARN_BOOL_CONVERSION = YES;
				CLANG_WARN_COMMA = YES;
				CLANG_WARN_CONSTANT_CONVERSION = YES;
				CLANG_WARN_DEPRECATED_OBJC_IMPLEMENTATIONS = YES;
				CLANG_WARN_DIRECT_OBJC_ISA_USAGE = YES_ERROR;
				CLANG_WARN_DOCUMENTATION_COMMENTS = YES;
				CLANG_WARN_EMPTY_BODY = YES;
				CLANG_WARN_ENUM_CONVERSION = YES;
				CLANG_WARN_INFINITE_RECURSION = YES;
				CLANG_WARN_INT_CONVERSION = YES;
				CLANG_WARN_NON_LITERAL_NULL_CONVERSION = YES;
				CLANG_WARN_OBJC_IMPLICIT_RETAIN_SELF = YES;
				CLANG_WARN_OBJC_LITERAL_CONVERSION = YES;
				CLANG_WARN_OBJC_ROOT_CLASS = YES_ERROR;
				CLANG_WARN_QUOTED_INCLUDE_IN_FRAMEWORK_HEADER = YES;
				CLANG_WARN_RANGE_LOOP_ANALYSIS = YES;
				CLANG_WARN_STRICT_PROTOTYPES = YES;
				CLANG_WARN_SUSPICIOUS_MOVE = YES;
				CLANG_WARN_UNGUARDED_AVAILABILITY = YES_AGGRESSIVE;
				CLANG_WARN_UNREACHABLE_CODE = YES;
				CLANG_WARN__DUPLICATE_METHOD_MATCH = YES;
				COPY_PHASE_STRIP = NO;
				DEBUG_INFORMATION_FORMAT = dwarf;
				ENABLE_STRICT_OBJC_MSGSEND = YES;
				ENABLE_TESTABILITY = YES;
				GCC_C_LANGUAGE_STANDARD = gnu11;
				GCC_DYNAMIC_NO_PIC = NO;
				GCC_NO_COMMON_BLOCKS = YES;
				GCC_OPTIMIZATION_LEVEL = 0;
				GCC_PREPROCESSOR_DEFINITIONS = (
					"DEBUG=1",
					"$(inherited)",
				);
				GCC_WARN_64_TO_32_BIT_CONVERSION = YES;
				GCC_WARN_ABOUT_RETURN_TYPE = YES_ERROR;
				GCC_WARN_UNDECLARED_SELECTOR = YES;
				GCC_WARN_UNINITIALIZED_AUTOS = YES_AGGRESSIVE;
				GCC_WARN_UNUSED_FUNCTION = YES;
				GCC_WARN_UNUSED_VARIABLE = YES;
				IPHONEOS_DEPLOYMENT_TARGET = 16.2;
				MTL_ENABLE_DEBUG_INFO = INCLUDE_SOURCE;
				MTL_FAST_MATH = YES;
				ONLY_ACTIVE_ARCH = YES;
				SDKROOT = iphoneos;
				SWIFT_ACTIVE_COMPILATION_CONDITIONS = DEBUG;
				SWIFT_OPTIMIZATION_LEVEL = "-Onone";
			};
			name = Debug;
		};
		93B0E9F029B683D100305CD7 /* Release */ = {
			isa = XCBuildConfiguration;
			buildSettings = {
				ALWAYS_SEARCH_USER_PATHS = NO;
				CLANG_ANALYZER_NONNULL = YES;
				CLANG_ANALYZER_NUMBER_OBJECT_CONVERSION = YES_AGGRESSIVE;
				CLANG_CXX_LANGUAGE_STANDARD = "gnu++20";
				CLANG_ENABLE_MODULES = YES;
				CLANG_ENABLE_OBJC_ARC = YES;
				CLANG_ENABLE_OBJC_WEAK = YES;
				CLANG_WARN_BLOCK_CAPTURE_AUTORELEASING = YES;
				CLANG_WARN_BOOL_CONVERSION = YES;
				CLANG_WARN_COMMA = YES;
				CLANG_WARN_CONSTANT_CONVERSION = YES;
				CLANG_WARN_DEPRECATED_OBJC_IMPLEMENTATIONS = YES;
				CLANG_WARN_DIRECT_OBJC_ISA_USAGE = YES_ERROR;
				CLANG_WARN_DOCUMENTATION_COMMENTS = YES;
				CLANG_WARN_EMPTY_BODY = YES;
				CLANG_WARN_ENUM_CONVERSION = YES;
				CLANG_WARN_INFINITE_RECURSION = YES;
				CLANG_WARN_INT_CONVERSION = YES;
				CLANG_WARN_NON_LITERAL_NULL_CONVERSION = YES;
				CLANG_WARN_OBJC_IMPLICIT_RETAIN_SELF = YES;
				CLANG_WARN_OBJC_LITERAL_CONVERSION = YES;
				CLANG_WARN_OBJC_ROOT_CLASS = YES_ERROR;
				CLANG_WARN_QUOTED_INCLUDE_IN_FRAMEWORK_HEADER = YES;
				CLANG_WARN_RANGE_LOOP_ANALYSIS = YES;
				CLANG_WARN_STRICT_PROTOTYPES = YES;
				CLANG_WARN_SUSPICIOUS_MOVE = YES;
				CLANG_WARN_UNGUARDED_AVAILABILITY = YES_AGGRESSIVE;
				CLANG_WARN_UNREACHABLE_CODE = YES;
				CLANG_WARN__DUPLICATE_METHOD_MATCH = YES;
				COPY_PHASE_STRIP = NO;
				DEBUG_INFORMATION_FORMAT = "dwarf-with-dsym";
				ENABLE_NS_ASSERTIONS = NO;
				ENABLE_STRICT_OBJC_MSGSEND = YES;
				GCC_C_LANGUAGE_STANDARD = gnu11;
				GCC_NO_COMMON_BLOCKS = YES;
				GCC_WARN_64_TO_32_BIT_CONVERSION = YES;
				GCC_WARN_ABOUT_RETURN_TYPE = YES_ERROR;
				GCC_WARN_UNDECLARED_SELECTOR = YES;
				GCC_WARN_UNINITIALIZED_AUTOS = YES_AGGRESSIVE;
				GCC_WARN_UNUSED_FUNCTION = YES;
				GCC_WARN_UNUSED_VARIABLE = YES;
				IPHONEOS_DEPLOYMENT_TARGET = 16.2;
				MTL_ENABLE_DEBUG_INFO = NO;
				MTL_FAST_MATH = YES;
				SDKROOT = iphoneos;
				SWIFT_COMPILATION_MODE = wholemodule;
				SWIFT_OPTIMIZATION_LEVEL = "-O";
				VALIDATE_PRODUCT = YES;
			};
			name = Release;
		};
		93B0E9F229B683D100305CD7 /* Debug */ = {
			isa = XCBuildConfiguration;
			buildSettings = {
				ASSETCATALOG_COMPILER_APPICON_NAME = AppIcon;
				ASSETCATALOG_COMPILER_GLOBAL_ACCENT_COLOR_NAME = AccentColor;
				CODE_SIGN_STYLE = Automatic;
				CURRENT_PROJECT_VERSION = 1;
				DEVELOPMENT_TEAM = C6LXD6P22Q;
				GENERATE_INFOPLIST_FILE = YES;
				INFOPLIST_FILE = FitnessApp/SupportingFiles/Info.plist;
				INFOPLIST_KEY_UIApplicationSupportsIndirectInputEvents = YES;
				INFOPLIST_KEY_UILaunchStoryboardName = LaunchScreen;
				INFOPLIST_KEY_UISupportedInterfaceOrientations_iPad = "UIInterfaceOrientationPortrait UIInterfaceOrientationPortraitUpsideDown UIInterfaceOrientationLandscapeLeft UIInterfaceOrientationLandscapeRight";
				INFOPLIST_KEY_UISupportedInterfaceOrientations_iPhone = "UIInterfaceOrientationPortrait UIInterfaceOrientationLandscapeLeft UIInterfaceOrientationLandscapeRight";
				LD_RUNPATH_SEARCH_PATHS = (
					"$(inherited)",
					"@executable_path/Frameworks",
				);
				MARKETING_VERSION = 1.0;
				PRODUCT_BUNDLE_IDENTIFIER = "Aleksey-Trushkov.FitnessApp";
				PRODUCT_NAME = "$(TARGET_NAME)";
				SUPPORTED_PLATFORMS = "iphoneos iphonesimulator";
				SUPPORTS_MACCATALYST = NO;
				SUPPORTS_MAC_DESIGNED_FOR_IPHONE_IPAD = NO;
				SWIFT_EMIT_LOC_STRINGS = YES;
				SWIFT_VERSION = 5.0;
				TARGETED_DEVICE_FAMILY = 1;
			};
			name = Debug;
		};
		93B0E9F329B683D100305CD7 /* Release */ = {
			isa = XCBuildConfiguration;
			buildSettings = {
				ASSETCATALOG_COMPILER_APPICON_NAME = AppIcon;
				ASSETCATALOG_COMPILER_GLOBAL_ACCENT_COLOR_NAME = AccentColor;
				CODE_SIGN_STYLE = Automatic;
				CURRENT_PROJECT_VERSION = 1;
				DEVELOPMENT_TEAM = C6LXD6P22Q;
				GENERATE_INFOPLIST_FILE = YES;
				INFOPLIST_FILE = FitnessApp/SupportingFiles/Info.plist;
				INFOPLIST_KEY_UIApplicationSupportsIndirectInputEvents = YES;
				INFOPLIST_KEY_UILaunchStoryboardName = LaunchScreen;
				INFOPLIST_KEY_UISupportedInterfaceOrientations_iPad = "UIInterfaceOrientationPortrait UIInterfaceOrientationPortraitUpsideDown UIInterfaceOrientationLandscapeLeft UIInterfaceOrientationLandscapeRight";
				INFOPLIST_KEY_UISupportedInterfaceOrientations_iPhone = "UIInterfaceOrientationPortrait UIInterfaceOrientationLandscapeLeft UIInterfaceOrientationLandscapeRight";
				LD_RUNPATH_SEARCH_PATHS = (
					"$(inherited)",
					"@executable_path/Frameworks",
				);
				MARKETING_VERSION = 1.0;
				PRODUCT_BUNDLE_IDENTIFIER = "Aleksey-Trushkov.FitnessApp";
				PRODUCT_NAME = "$(TARGET_NAME)";
				SUPPORTED_PLATFORMS = "iphoneos iphonesimulator";
				SUPPORTS_MACCATALYST = NO;
				SUPPORTS_MAC_DESIGNED_FOR_IPHONE_IPAD = NO;
				SWIFT_EMIT_LOC_STRINGS = YES;
				SWIFT_VERSION = 5.0;
				TARGETED_DEVICE_FAMILY = 1;
			};
			name = Release;
		};
/* End XCBuildConfiguration section */

/* Begin XCConfigurationList section */
		93B0E9D829B683D000305CD7 /* Build configuration list for PBXProject "FitnessApp" */ = {
			isa = XCConfigurationList;
			buildConfigurations = (
				93B0E9EF29B683D100305CD7 /* Debug */,
				93B0E9F029B683D100305CD7 /* Release */,
			);
			defaultConfigurationIsVisible = 0;
			defaultConfigurationName = Release;
		};
		93B0E9F129B683D100305CD7 /* Build configuration list for PBXNativeTarget "FitnessApp" */ = {
			isa = XCConfigurationList;
			buildConfigurations = (
				93B0E9F229B683D100305CD7 /* Debug */,
				93B0E9F329B683D100305CD7 /* Release */,
			);
			defaultConfigurationIsVisible = 0;
			defaultConfigurationName = Release;
		};
/* End XCConfigurationList section */
	};
	rootObject = 93B0E9D529B683D000305CD7 /* Project object */;
}
